// !$*UTF8*$!
{
	archiveVersion = 1;
	classes = {
	};
	objectVersion = 46;
	objects = {

/* Begin PBXBuildFile section */
		18C1950A242307A60016BDF2 /* main.m in Sources */ = {isa = PBXBuildFile; fileRef = 18C19509242307A60016BDF2 /* main.m */; };
		18C1950D242307A60016BDF2 /* AppDelegate.m in Sources */ = {isa = PBXBuildFile; fileRef = 18C1950C242307A60016BDF2 /* AppDelegate.m */; };
		18C19510242307A60016BDF2 /* ViewController.m in Sources */ = {isa = PBXBuildFile; fileRef = 18C1950F242307A60016BDF2 /* ViewController.m */; };
		18C19513242307A60016BDF2 /* Main.storyboard in Resources */ = {isa = PBXBuildFile; fileRef = 18C19511242307A60016BDF2 /* Main.storyboard */; };
		18C19515242307A60016BDF2 /* Assets.xcassets in Resources */ = {isa = PBXBuildFile; fileRef = 18C19514242307A60016BDF2 /* Assets.xcassets */; };
		18C19518242307A60016BDF2 /* LaunchScreen.storyboard in Resources */ = {isa = PBXBuildFile; fileRef = 18C19516242307A60016BDF2 /* LaunchScreen.storyboard */; };
		18C19521242307B80016BDF2 /* DragerViewController.m in Sources */ = {isa = PBXBuildFile; fileRef = 18C19520242307B80016BDF2 /* DragerViewController.m */; };
		18C19524242308200016BDF2 /* MyDragerVCViewController.m in Sources */ = {isa = PBXBuildFile; fileRef = 18C19523242308200016BDF2 /* MyDragerVCViewController.m */; };
		18C19527242308860016BDF2 /* TableViewController.m in Sources */ = {isa = PBXBuildFile; fileRef = 18C19526242308860016BDF2 /* TableViewController.m */; };
/* End PBXBuildFile section */

/* Begin PBXFileReference section */
		18C19505242307A60016BDF2 /* test.app */ = {isa = PBXFileReference; explicitFileType = wrapper.application; includeInIndex = 0; path = test.app; sourceTree = BUILT_PRODUCTS_DIR; };
		18C19509242307A60016BDF2 /* main.m */ = {isa = PBXFileReference; lastKnownFileType = sourcecode.c.objc; path = main.m; sourceTree = "<group>"; };
		18C1950B242307A60016BDF2 /* AppDelegate.h */ = {isa = PBXFileReference; lastKnownFileType = sourcecode.c.h; path = AppDelegate.h; sourceTree = "<group>"; };
		18C1950C242307A60016BDF2 /* AppDelegate.m */ = {isa = PBXFileReference; lastKnownFileType = sourcecode.c.objc; path = AppDelegate.m; sourceTree = "<group>"; };
		18C1950E242307A60016BDF2 /* ViewController.h */ = {isa = PBXFileReference; lastKnownFileType = sourcecode.c.h; path = ViewController.h; sourceTree = "<group>"; };
		18C1950F242307A60016BDF2 /* ViewController.m */ = {isa = PBXFileReference; lastKnownFileType = sourcecode.c.objc; path = ViewController.m; sourceTree = "<group>"; };
		18C19512242307A60016BDF2 /* Base */ = {isa = PBXFileReference; lastKnownFileType = file.storyboard; name = Base; path = Base.lproj/Main.storyboard; sourceTree = "<group>"; };
		18C19514242307A60016BDF2 /* Assets.xcassets */ = {isa = PBXFileReference; lastKnownFileType = folder.assetcatalog; path = Assets.xcassets; sourceTree = "<group>"; };
		18C19517242307A60016BDF2 /* Base */ = {isa = PBXFileReference; lastKnownFileType = file.storyboard; name = Base; path = Base.lproj/LaunchScreen.storyboard; sourceTree = "<group>"; };
		18C19519242307A60016BDF2 /* Info.plist */ = {isa = PBXFileReference; lastKnownFileType = text.plist.xml; path = Info.plist; sourceTree = "<group>"; };
		18C1951F242307B80016BDF2 /* DragerViewController.h */ = {isa = PBXFileReference; fileEncoding = 4; lastKnownFileType = sourcecode.c.h; path = DragerViewController.h; sourceTree = "<group>"; };
		18C19520242307B80016BDF2 /* DragerViewController.m */ = {isa = PBXFileReference; fileEncoding = 4; lastKnownFileType = sourcecode.c.objc; path = DragerViewController.m; sourceTree = "<group>"; };
		18C19522242308200016BDF2 /* MyDragerVCViewController.h */ = {isa = PBXFileReference; fileEncoding = 4; lastKnownFileType = sourcecode.c.h; path = MyDragerVCViewController.h; sourceTree = "<group>"; };
		18C19523242308200016BDF2 /* MyDragerVCViewController.m */ = {isa = PBXFileReference; fileEncoding = 4; lastKnownFileType = sourcecode.c.objc; path = MyDragerVCViewController.m; sourceTree = "<group>"; };
		18C19525242308860016BDF2 /* TableViewController.h */ = {isa = PBXFileReference; fileEncoding = 4; lastKnownFileType = sourcecode.c.h; path = TableViewController.h; sourceTree = "<group>"; };
		18C19526242308860016BDF2 /* TableViewController.m */ = {isa = PBXFileReference; fileEncoding = 4; lastKnownFileType = sourcecode.c.objc; path = TableViewController.m; sourceTree = "<group>"; };
/* End PBXFileReference section */

/* Begin PBXFrameworksBuildPhase section */
		18C19502242307A60016BDF2 /* Frameworks */ = {
			isa = PBXFrameworksBuildPhase;
			buildActionMask = 2147483647;
			files = (
			);
			runOnlyForDeploymentPostprocessing = 0;
		};
/* End PBXFrameworksBuildPhase section */

/* Begin PBXGroup section */
		18C194FC242307A60016BDF2 = {
			isa = PBXGroup;
			children = (
				18C19507242307A60016BDF2 /* test */,
				18C19506242307A60016BDF2 /* Products */,
			);
			sourceTree = "<group>";
		};
		18C19506242307A60016BDF2 /* Products */ = {
			isa = PBXGroup;
			children = (
				18C19505242307A60016BDF2 /* test.app */,
			);
			name = Products;
			sourceTree = "<group>";
		};
		18C19507242307A60016BDF2 /* test */ = {
			isa = PBXGroup;
			children = (
				18C1951F242307B80016BDF2 /* DragerViewController.h */,
				18C19520242307B80016BDF2 /* DragerViewController.m */,
				18C19522242308200016BDF2 /* MyDragerVCViewController.h */,
				18C19523242308200016BDF2 /* MyDragerVCViewController.m */,
				18C19525242308860016BDF2 /* TableViewController.h */,
				18C19526242308860016BDF2 /* TableViewController.m */,
				18C1950B242307A60016BDF2 /* AppDelegate.h */,
				18C1950C242307A60016BDF2 /* AppDelegate.m */,
				18C1950E242307A60016BDF2 /* ViewController.h */,
				18C1950F242307A60016BDF2 /* ViewController.m */,
				18C19511242307A60016BDF2 /* Main.storyboard */,
				18C19514242307A60016BDF2 /* Assets.xcassets */,
				18C19516242307A60016BDF2 /* LaunchScreen.storyboard */,
				18C19519242307A60016BDF2 /* Info.plist */,
				18C19508242307A60016BDF2 /* Supporting Files */,
			);
			path = test;
			sourceTree = "<group>";
		};
		18C19508242307A60016BDF2 /* Supporting Files */ = {
			isa = PBXGroup;
			children = (
				18C19509242307A60016BDF2 /* main.m */,
			);
			name = "Supporting Files";
			sourceTree = "<group>";
		};
/* End PBXGroup section */

/* Begin PBXNativeTarget section */
		18C19504242307A60016BDF2 /* test */ = {
			isa = PBXNativeTarget;
			buildConfigurationList = 18C1951C242307A60016BDF2 /* Build configuration list for PBXNativeTarget "test" */;
			buildPhases = (
				18C19501242307A60016BDF2 /* Sources */,
				18C19502242307A60016BDF2 /* Frameworks */,
				18C19503242307A60016BDF2 /* Resources */,
			);
			buildRules = (
			);
			dependencies = (
			);
			name = test;
			productName = test;
			productReference = 18C19505242307A60016BDF2 /* test.app */;
			productType = "com.apple.product-type.application";
		};
/* End PBXNativeTarget section */

/* Begin PBXProject section */
		18C194FD242307A60016BDF2 /* Project object */ = {
			isa = PBXProject;
			attributes = {
				LastUpgradeCheck = 0720;
				ORGANIZATIONNAME = "XMG\U0001";
				TargetAttributes = {
					18C19504242307A60016BDF2 = {
						CreatedOnToolsVersion = 7.2;
					};
				};
			};
			buildConfigurationList = 18C19500242307A60016BDF2 /* Build configuration list for PBXProject "test" */;
			compatibilityVersion = "Xcode 3.2";
			developmentRegion = English;
			hasScannedForEncodings = 0;
			knownRegions = (
				en,
				Base,
			);
			mainGroup = 18C194FC242307A60016BDF2;
			productRefGroup = 18C19506242307A60016BDF2 /* Products */;
			projectDirPath = "";
			projectRoot = "";
			targets = (
				18C19504242307A60016BDF2 /* test */,
			);
		};
/* End PBXProject section */

/* Begin PBXResourcesBuildPhase section */
		18C19503242307A60016BDF2 /* Resources */ = {
			isa = PBXResourcesBuildPhase;
			buildActionMask = 2147483647;
			files = (
				18C19518242307A60016BDF2 /* LaunchScreen.storyboard in Resources */,
				18C19515242307A60016BDF2 /* Assets.xcassets in Resources */,
				18C19513242307A60016BDF2 /* Main.storyboard in Resources */,
			);
			runOnlyForDeploymentPostprocessing = 0;
		};
/* End PBXResourcesBuildPhase section */

/* Begin PBXSourcesBuildPhase section */
		18C19501242307A60016BDF2 /* Sources */ = {
			isa = PBXSourcesBuildPhase;
			buildActionMask = 2147483647;
			files = (
				18C19510242307A60016BDF2 /* ViewController.m in Sources */,
				18C19527242308860016BDF2 /* TableViewController.m in Sources */,
				18C19521242307B80016BDF2 /* DragerViewController.m in Sources */,
				18C1950D242307A60016BDF2 /* AppDelegate.m in Sources */,
				18C19524242308200016BDF2 /* MyDragerVCViewController.m in Sources */,
				18C1950A242307A60016BDF2 /* main.m in Sources */,
			);
			runOnlyForDeploymentPostprocessing = 0;
		};
/* End PBXSourcesBuildPhase section */

/* Begin PBXVariantGroup section */
		18C19511242307A60016BDF2 /* Main.storyboard */ = {
			isa = PBXVariantGroup;
			children = (
				18C19512242307A60016BDF2 /* Base */,
			);
			name = Main.storyboard;
			sourceTree = "<group>";
		};
		18C19516242307A60016BDF2 /* LaunchScreen.storyboard */ = {
			isa = PBXVariantGroup;
			children = (
				18C19517242307A60016BDF2 /* Base */,
			);
			name = LaunchScreen.storyboard;
			sourceTree = "<group>";
		};
/* End PBXVariantGroup section */

/* Begin XCBuildConfiguration section */
		18C1951A242307A60016BDF2 /* Debug */ = {
			isa = XCBuildConfiguration;
			buildSettings = {
				ALWAYS_SEARCH_USER_PATHS = NO;
				CLANG_CXX_LANGUAGE_STANDARD = "gnu++0x";
				CLANG_CXX_LIBRARY = "libc++";
				CLANG_ENABLE_MODULES = YES;
				CLANG_ENABLE_OBJC_ARC = YES;
				CLANG_WARN_BOOL_CONVERSION = YES;
				CLANG_WARN_CONSTANT_CONVERSION = YES;
				CLANG_WARN_DIRECT_OBJC_ISA_USAGE = YES_ERROR;
				CLANG_WARN_EMPTY_BODY = YES;
				CLANG_WARN_ENUM_CONVERSION = YES;
				CLANG_WARN_INT_CONVERSION = YES;
				CLANG_WARN_OBJC_ROOT_CLASS = YES_ERROR;
				CLANG_WARN_UNREACHABLE_CODE = YES;
				CLANG_WARN__DUPLICATE_METHOD_MATCH = YES;
				"CODE_SIGN_IDENTITY[sdk=iphoneos*]" = "iPhone Developer";
				COPY_PHASE_STRIP = NO;
				DEBUG_INFORMATION_FORMAT = dwarf;
				ENABLE_STRICT_OBJC_MSGSEND = YES;
				ENABLE_TESTABILITY = YES;
				GCC_C_LANGUAGE_STANDARD = gnu99;
				GCC_DYNAMIC_NO_PIC = NO;
				GCC_NO_COMMON_BLOCKS = YES;
				GCC_OPTIMIZATION_LEVEL = 0;
				GCC_PREPROCESSOR_DEFINITIONS = (
					"DEBUG=1",
					"$(inherited)",
				);
				GCC_WARN_64_TO_32_BIT_CONVERSION = YES;
				GCC_WARN_ABOUT_RETURN_TYPE = YES_ERROR;
				GCC_WARN_UNDECLARED_SELECTOR = YES;
				GCC_WARN_UNINITIALIZED_AUTOS = YES_AGGRESSIVE;
				GCC_WARN_UNUSED_FUNCTION = YES;
				GCC_WARN_UNUSED_VARIABLE = YES;
				IPHONEOS_DEPLOYMENT_TARGET = 9.2;
				MTL_ENABLE_DEBUG_INFO = YES;
				ONLY_ACTIVE_ARCH = YES;
				SDKROOT = iphoneos;
			};
			name = Debug;
		};
		18C1951B242307A60016BDF2 /* Release */ = {
			isa = XCBuildConfiguration;
			buildSettings = {
				ALWAYS_SEARCH_USER_PATHS = NO;
				CLANG_CXX_LANGUAGE_STANDARD = "gnu++0x";
				CLANG_CXX_LIBRARY = "libc++";
				CLANG_ENABLE_MODULES = YES;
				CLANG_ENABLE_OBJC_ARC = YES;
				CLANG_WARN_BOOL_CONVERSION = YES;
				CLANG_WARN_CONSTANT_CONVERSION = YES;
				CLANG_WARN_DIRECT_OBJC_ISA_USAGE = YES_ERROR;
				CLANG_WARN_EMPTY_BODY = YES;
				CLANG_WARN_ENUM_CONVERSION = YES;
				CLANG_WARN_INT_CONVERSION = YES;
				CLANG_WARN_OBJC_ROOT_CLASS = YES_ERROR;
				CLANG_WARN_UNREACHABLE_CODE = YES;
				CLANG_WARN__DUPLICATE_METHOD_MATCH = YES;
				"CODE_SIGN_IDENTITY[sdk=iphoneos*]" = "iPhone Developer";
				COPY_PHASE_STRIP = NO;
				DEBUG_INFORMATION_FORMAT = "dwarf-with-dsym";
				ENABLE_NS_ASSERTIONS = NO;
				ENABLE_STRICT_OBJC_MSGSEND = YES;
				GCC_C_LANGUAGE_STANDARD = gnu99;
				GCC_NO_COMMON_BLOCKS = YES;
				GCC_WARN_64_TO_32_BIT_CONVERSION = YES;
				GCC_WARN_ABOUT_RETURN_TYPE = YES_ERROR;
				GCC_WARN_UNDECLARED_SELECTOR = YES;
				GCC_WARN_UNINITIALIZED_AUTOS = YES_AGGRESSIVE;
				GCC_WARN_UNUSED_FUNCTION = YES;
				GCC_WARN_UNUSED_VARIABLE = YES;
				IPHONEOS_DEPLOYMENT_TARGET = 9.2;
				MTL_ENABLE_DEBUG_INFO = NO;
				SDKROOT = iphoneos;
				VALIDATE_PRODUCT = YES;
			};
			name = Release;
		};
		18C1951D242307A60016BDF2 /* Debug */ = {
			isa = XCBuildConfiguration;
			buildSettings = {
				ASSETCATALOG_COMPILER_APPICON_NAME = AppIcon;
				INFOPLIST_FILE = test/Info.plist;
				LD_RUNPATH_SEARCH_PATHS = "$(inherited) @executable_path/Frameworks";
				PRODUCT_BUNDLE_IDENTIFIER = com.520it.wwww.test;
				PRODUCT_NAME = "$(TARGET_NAME)";
			};
			name = Debug;
		};
		18C1951E242307A60016BDF2 /* Release */ = {
			isa = XCBuildConfiguration;
			buildSettings = {
				ASSETCATALOG_COMPILER_APPICON_NAME = AppIcon;
				INFOPLIST_FILE = test/Info.plist;
				LD_RUNPATH_SEARCH_PATHS = "$(inherited) @executable_path/Frameworks";
				PRODUCT_BUNDLE_IDENTIFIER = com.520it.wwww.test;
				PRODUCT_NAME = "$(TARGET_NAME)";
			};
			name = Release;
		};
/* End XCBuildConfiguration section */

/* Begin XCConfigurationList section */
		18C19500242307A60016BDF2 /* Build configuration list for PBXProject "test" */ = {
			isa = XCConfigurationList;
			buildConfigurations = (
				18C1951A242307A60016BDF2 /* Debug */,
				18C1951B242307A60016BDF2 /* Release */,
			);
			defaultConfigurationIsVisible = 0;
			defaultConfigurationName = Release;
		};
		18C1951C242307A60016BDF2 /* Build configuration list for PBXNativeTarget "test" */ = {
			isa = XCConfigurationList;
			buildConfigurations = (
				18C1951D242307A60016BDF2 /* Debug */,
				18C1951E242307A60016BDF2 /* Release */,
			);
			defaultConfigurationIsVisible = 0;
		};
/* End XCConfigurationList section */
	};
	rootObject = 18C194FD242307A60016BDF2 /* Project object */;
}
